
Microsoft Visual Studio Solution File, Format Version 12.00
# Visual Studio 2012
Project("{FAE04EC0-301F-11D3-BF4B-00C04F79EFBC}") = "SnowCity.HtmlEditor", "SnowCity.HtmlEditor\SnowCity.HtmlEditor.csproj", "{BC99173D-2EF8-4D7E-B0AE-3BC1CC55E3B6}"
EndProject
Global
	GlobalSection(SolutionConfigurationPlatforms) = preSolution
		Debug|Any CPU = Debug|Any CPU
		Release|Any CPU = Release|Any CPU
	EndGlobalSection
	GlobalSection(ProjectConfigurationPlatforms) = postSolution
		{BC99173D-2EF8-4D7E-B0AE-3BC1CC55E3B6}.Debug|Any CPU.ActiveCfg = Debug|Any CPU
		{BC99173D-2EF8-4D7E-B0AE-3BC1CC55E3B6}.Debug|Any CPU.Build.0 = Debug|Any CPU
		{BC99173D-2EF8-4D7E-B0AE-3BC1CC55E3B6}.Release|Any CPU.ActiveCfg = Release|Any CPU
		{BC99173D-2EF8-4D7E-B0AE-3BC1CC55E3B6}.Release|Any CPU.Build.0 = Release|Any CPU
	EndGlobalSection
	GlobalSection(SolutionProperties) = preSolution
		HideSolutionNode = FALSE
	EndGlobalSection
EndGlobal
