
Microsoft Visual Studio Solution File, Format Version 12.00
# Visual Studio 2012
Project("{FAE04EC0-301F-11D3-BF4B-00C04F79EFBC}") = "SnowWebPageTitleSaver", "SnowWebPageTitleSaver\SnowWebPageTitleSaver.csproj", "{6B8E23B6-6D4A-42E6-A56E-3FC0825989E0}"
EndProject
Project("{E24C65DC-7377-472B-9ABA-BC803B73C61A}") = "Test", "http://localhost:5093", "{7CEBC9E7-592E-4DE7-961C-4225F15C2BB6}"
	ProjectSection(WebsiteProperties) = preProject
		UseIISExpress = "true"
		TargetFrameworkMoniker = ".NETFramework,Version%3Dv4.0"
		ProjectReferences = "{6B8E23B6-6D4A-42E6-A56E-3FC0825989E0}|SnowWebPageTitleSaver.dll;"
		Debug.AspNetCompiler.VirtualPath = "/localhost_5093"
		Debug.AspNetCompiler.PhysicalPath = "C:\Users\Mohammad Reza\Documents\Visual Studio 2012\WebSites\Test\"
		Debug.AspNetCompiler.TargetPath = "PrecompiledWeb\localhost_5093\"
		Debug.AspNetCompiler.Updateable = "true"
		Debug.AspNetCompiler.ForceOverwrite = "true"
		Debug.AspNetCompiler.FixedNames = "false"
		Debug.AspNetCompiler.Debug = "True"
		Release.AspNetCompiler.VirtualPath = "/localhost_5093"
		Release.AspNetCompiler.PhysicalPath = "C:\Users\Mohammad Reza\Documents\Visual Studio 2012\WebSites\Test\"
		Release.AspNetCompiler.TargetPath = "PrecompiledWeb\localhost_5093\"
		Release.AspNetCompiler.Updateable = "true"
		Release.AspNetCompiler.ForceOverwrite = "true"
		Release.AspNetCompiler.FixedNames = "false"
		Release.AspNetCompiler.Debug = "False"
		SlnRelativePath = "C:\Users\Mohammad Reza\Documents\Visual Studio 2012\WebSites\Test\"
		DefaultWebSiteLanguage = "Visual C#"
	EndProjectSection
EndProject
Global
	GlobalSection(SolutionConfigurationPlatforms) = preSolution
		Debug|Any CPU = Debug|Any CPU
		Release|Any CPU = Release|Any CPU
	EndGlobalSection
	GlobalSection(ProjectConfigurationPlatforms) = postSolution
		{6B8E23B6-6D4A-42E6-A56E-3FC0825989E0}.Debug|Any CPU.ActiveCfg = Debug|Any CPU
		{6B8E23B6-6D4A-42E6-A56E-3FC0825989E0}.Debug|Any CPU.Build.0 = Debug|Any CPU
		{6B8E23B6-6D4A-42E6-A56E-3FC0825989E0}.Release|Any CPU.ActiveCfg = Release|Any CPU
		{6B8E23B6-6D4A-42E6-A56E-3FC0825989E0}.Release|Any CPU.Build.0 = Release|Any CPU
		{7CEBC9E7-592E-4DE7-961C-4225F15C2BB6}.Debug|Any CPU.ActiveCfg = Debug|Any CPU
		{7CEBC9E7-592E-4DE7-961C-4225F15C2BB6}.Debug|Any CPU.Build.0 = Debug|Any CPU
		{7CEBC9E7-592E-4DE7-961C-4225F15C2BB6}.Release|Any CPU.ActiveCfg = Debug|Any CPU
		{7CEBC9E7-592E-4DE7-961C-4225F15C2BB6}.Release|Any CPU.Build.0 = Debug|Any CPU
	EndGlobalSection
	GlobalSection(SolutionProperties) = preSolution
		HideSolutionNode = FALSE
	EndGlobalSection
EndGlobal
